// !$*UTF8*$!
{
	archiveVersion = 1;
	classes = {
	};
	objectVersion = 46;
	objects = {

/* Begin PBXBuildFile section */
		2110727019411B14003C2A67 /* AppDelegate.swift in Sources */ = {isa = PBXBuildFile; fileRef = 2110726F19411B14003C2A67 /* AppDelegate.swift */; };
		2110727219411B14003C2A67 /* Images.xcassets in Resources */ = {isa = PBXBuildFile; fileRef = 2110727119411B14003C2A67 /* Images.xcassets */; };
		2110728A19411C03003C2A67 /* ScheduleTableViewController.swift in Sources */ = {isa = PBXBuildFile; fileRef = 2110728919411C03003C2A67 /* ScheduleTableViewController.swift */; };
		2110728C19412E5F003C2A67 /* valio.json in Resources */ = {isa = PBXBuildFile; fileRef = 2110728B19412E5F003C2A67 /* valio.json */; };
		21E1A45319423F5200A69E93 /* SectionHeaderView.swift in Sources */ = {isa = PBXBuildFile; fileRef = 21E1A45219423F5200A69E93 /* SectionHeaderView.swift */; };
		21E21642194232DC00134640 /* ItemTableViewCell.swift in Sources */ = {isa = PBXBuildFile; fileRef = 21E21641194232DC00134640 /* ItemTableViewCell.swift */; };
/* End PBXBuildFile section */

/* Begin PBXFileReference section */
		2110726A19411B14003C2A67 /* Valio.app */ = {isa = PBXFileReference; explicitFileType = wrapper.application; includeInIndex = 0; path = Valio.app; sourceTree = BUILT_PRODUCTS_DIR; };
		2110726E19411B14003C2A67 /* Info.plist */ = {isa = PBXFileReference; lastKnownFileType = text.plist.xml; path = Info.plist; sourceTree = "<group>"; };
		2110726F19411B14003C2A67 /* AppDelegate.swift */ = {isa = PBXFileReference; lastKnownFileType = sourcecode.swift; path = AppDelegate.swift; sourceTree = "<group>"; };
		2110727119411B14003C2A67 /* Images.xcassets */ = {isa = PBXFileReference; lastKnownFileType = folder.assetcatalog; path = Images.xcassets; sourceTree = "<group>"; };
		2110727C19411B14003C2A67 /* Info.plist */ = {isa = PBXFileReference; lastKnownFileType = text.plist.xml; path = Info.plist; sourceTree = "<group>"; };
		2110727D19411B14003C2A67 /* ValioTests.swift */ = {isa = PBXFileReference; lastKnownFileType = sourcecode.swift; path = ValioTests.swift; sourceTree = "<group>"; };
		2110728919411C03003C2A67 /* ScheduleTableViewController.swift */ = {isa = PBXFileReference; fileEncoding = 4; lastKnownFileType = sourcecode.swift; path = ScheduleTableViewController.swift; sourceTree = "<group>"; };
		2110728B19412E5F003C2A67 /* valio.json */ = {isa = PBXFileReference; fileEncoding = 4; lastKnownFileType = text.json; path = valio.json; sourceTree = "<group>"; };
		21E1A45219423F5200A69E93 /* SectionHeaderView.swift */ = {isa = PBXFileReference; fileEncoding = 4; lastKnownFileType = sourcecode.swift; path = SectionHeaderView.swift; sourceTree = "<group>"; };
		21E21641194232DC00134640 /* ItemTableViewCell.swift */ = {isa = PBXFileReference; fileEncoding = 4; lastKnownFileType = sourcecode.swift; path = ItemTableViewCell.swift; sourceTree = "<group>"; };
/* End PBXFileReference section */

/* Begin PBXFrameworksBuildPhase section */
		2110726719411B14003C2A67 /* Frameworks */ = {
			isa = PBXFrameworksBuildPhase;
			buildActionMask = 2147483647;
			files = (
			);
			runOnlyForDeploymentPostprocessing = 0;
		};
/* End PBXFrameworksBuildPhase section */

/* Begin PBXGroup section */
		2110726119411B14003C2A67 = {
			isa = PBXGroup;
			children = (
				2110726C19411B14003C2A67 /* Valio */,
				2110727A19411B14003C2A67 /* ValioTests */,
				2110726B19411B14003C2A67 /* Products */,
			);
			sourceTree = "<group>";
		};
		2110726B19411B14003C2A67 /* Products */ = {
			isa = PBXGroup;
			children = (
				2110726A19411B14003C2A67 /* Valio.app */,
			);
			name = Products;
			sourceTree = "<group>";
		};
		2110726C19411B14003C2A67 /* Valio */ = {
			isa = PBXGroup;
			children = (
				2110726F19411B14003C2A67 /* AppDelegate.swift */,
				2110728919411C03003C2A67 /* ScheduleTableViewController.swift */,
				21E21641194232DC00134640 /* ItemTableViewCell.swift */,
				21E1A45219423F5200A69E93 /* SectionHeaderView.swift */,
				2110727119411B14003C2A67 /* Images.xcassets */,
				2110726D19411B14003C2A67 /* Supporting Files */,
			);
			path = Valio;
			sourceTree = "<group>";
		};
		2110726D19411B14003C2A67 /* Supporting Files */ = {
			isa = PBXGroup;
			children = (
				2110728B19412E5F003C2A67 /* valio.json */,
				2110726E19411B14003C2A67 /* Info.plist */,
			);
			name = "Supporting Files";
			sourceTree = "<group>";
		};
		2110727A19411B14003C2A67 /* ValioTests */ = {
			isa = PBXGroup;
			children = (
				2110727D19411B14003C2A67 /* ValioTests.swift */,
				2110727B19411B14003C2A67 /* Supporting Files */,
			);
			path = ValioTests;
			sourceTree = "<group>";
		};
		2110727B19411B14003C2A67 /* Supporting Files */ = {
			isa = PBXGroup;
			children = (
				2110727C19411B14003C2A67 /* Info.plist */,
			);
			name = "Supporting Files";
			sourceTree = "<group>";
		};
/* End PBXGroup section */

/* Begin PBXNativeTarget section */
		2110726919411B14003C2A67 /* Valio */ = {
			isa = PBXNativeTarget;
			buildConfigurationList = 2110728119411B14003C2A67 /* Build configuration list for PBXNativeTarget "Valio" */;
			buildPhases = (
				2110726619411B14003C2A67 /* Sources */,
				2110726719411B14003C2A67 /* Frameworks */,
				2110726819411B14003C2A67 /* Resources */,
			);
			buildRules = (
			);
			dependencies = (
			);
			name = Valio;
			productName = Valio;
			productReference = 2110726A19411B14003C2A67 /* Valio.app */;
			productType = "com.apple.product-type.application";
		};
/* End PBXNativeTarget section */

/* Begin PBXProject section */
		2110726219411B14003C2A67 /* Project object */ = {
			isa = PBXProject;
			attributes = {
				LastUpgradeCheck = 0600;
				ORGANIZATIONNAME = "Sam Soffes";
				TargetAttributes = {
					2110726919411B14003C2A67 = {
						CreatedOnToolsVersion = 6.0;
					};
				};
			};
			buildConfigurationList = 2110726519411B14003C2A67 /* Build configuration list for PBXProject "Valio" */;
			compatibilityVersion = "Xcode 3.2";
			developmentRegion = English;
			hasScannedForEncodings = 0;
			knownRegions = (
				en,
			);
			mainGroup = 2110726119411B14003C2A67;
			productRefGroup = 2110726B19411B14003C2A67 /* Products */;
			projectDirPath = "";
			projectRoot = "";
			targets = (
				2110726919411B14003C2A67 /* Valio */,
			);
		};
/* End PBXProject section */

/* Begin PBXResourcesBuildPhase section */
		2110726819411B14003C2A67 /* Resources */ = {
			isa = PBXResourcesBuildPhase;
			buildActionMask = 2147483647;
			files = (
				2110727219411B14003C2A67 /* Images.xcassets in Resources */,
				2110728C19412E5F003C2A67 /* valio.json in Resources */,
			);
			runOnlyForDeploymentPostprocessing = 0;
		};
/* End PBXResourcesBuildPhase section */

/* Begin PBXSourcesBuildPhase section */
		2110726619411B14003C2A67 /* Sources */ = {
			isa = PBXSourcesBuildPhase;
			buildActionMask = 2147483647;
			files = (
				2110728A19411C03003C2A67 /* ScheduleTableViewController.swift in Sources */,
				21E21642194232DC00134640 /* ItemTableViewCell.swift in Sources */,
				2110727019411B14003C2A67 /* AppDelegate.swift in Sources */,
				21E1A45319423F5200A69E93 /* SectionHeaderView.swift in Sources */,
			);
			runOnlyForDeploymentPostprocessing = 0;
		};
/* End PBXSourcesBuildPhase section */

/* Begin XCBuildConfiguration section */
		2110727F19411B14003C2A67 /* Debug */ = {
			isa = XCBuildConfiguration;
			buildSettings = {
				ALWAYS_SEARCH_USER_PATHS = NO;
				CLANG_CXX_LANGUAGE_STANDARD = "gnu++0x";
				CLANG_CXX_LIBRARY = "libc++";
				CLANG_ENABLE_MODULES = YES;
				CLANG_ENABLE_OBJC_ARC = YES;
				CLANG_WARN_BOOL_CONVERSION = YES;
				CLANG_WARN_CONSTANT_CONVERSION = YES;
				CLANG_WARN_DIRECT_OBJC_ISA_USAGE = YES_ERROR;
				CLANG_WARN_EMPTY_BODY = YES;
				CLANG_WARN_ENUM_CONVERSION = YES;
				CLANG_WARN_INT_CONVERSION = YES;
				CLANG_WARN_OBJC_ROOT_CLASS = YES_ERROR;
				CLANG_WARN_UNREACHABLE_CODE = YES;
				CLANG_WARN__DUPLICATE_METHOD_MATCH = YES;
				"CODE_SIGN_IDENTITY[sdk=iphoneos*]" = "iPhone Developer";
				COPY_PHASE_STRIP = NO;
				ENABLE_STRICT_OBJC_MSGSEND = YES;
				GCC_C_LANGUAGE_STANDARD = gnu99;
				GCC_DYNAMIC_NO_PIC = NO;
				GCC_OPTIMIZATION_LEVEL = 0;
				GCC_PREPROCESSOR_DEFINITIONS = (
					"DEBUG=1",
					"$(inherited)",
				);
				GCC_SYMBOLS_PRIVATE_EXTERN = NO;
				GCC_WARN_64_TO_32_BIT_CONVERSION = YES;
				GCC_WARN_ABOUT_RETURN_TYPE = YES_ERROR;
				GCC_WARN_UNDECLARED_SELECTOR = YES;
				GCC_WARN_UNINITIALIZED_AUTOS = YES_AGGRESSIVE;
				GCC_WARN_UNUSED_FUNCTION = YES;
				GCC_WARN_UNUSED_VARIABLE = YES;
				IPHONEOS_DEPLOYMENT_TARGET = 8.0;
				METAL_ENABLE_DEBUG_INFO = YES;
				ONLY_ACTIVE_ARCH = YES;
				SDKROOT = iphoneos;
				SWIFT_OPTIMIZATION_LEVEL = "-Onone";
			};
			name = Debug;
		};
		2110728019411B14003C2A67 /* Release */ = {
			isa = XCBuildConfiguration;
			buildSettings = {
				ALWAYS_SEARCH_USER_PATHS = NO;
				CLANG_CXX_LANGUAGE_STANDARD = "gnu++0x";
				CLANG_CXX_LIBRARY = "libc++";
				CLANG_ENABLE_MODULES = YES;
				CLANG_ENABLE_OBJC_ARC = YES;
				CLANG_WARN_BOOL_CONVERSION = YES;
				CLANG_WARN_CONSTANT_CONVERSION = YES;
				CLANG_WARN_DIRECT_OBJC_ISA_USAGE = YES_ERROR;
				CLANG_WARN_EMPTY_BODY = YES;
				CLANG_WARN_ENUM_CONVERSION = YES;
				CLANG_WARN_INT_CONVERSION = YES;
				CLANG_WARN_OBJC_ROOT_CLASS = YES_ERROR;
				CLANG_WARN_UNREACHABLE_CODE = YES;
				CLANG_WARN__DUPLICATE_METHOD_MATCH = YES;
				"CODE_SIGN_IDENTITY[sdk=iphoneos*]" = "iPhone Developer";
				COPY_PHASE_STRIP = YES;
				ENABLE_NS_ASSERTIONS = NO;
				ENABLE_STRICT_OBJC_MSGSEND = YES;
				GCC_C_LANGUAGE_STANDARD = gnu99;
				GCC_WARN_64_TO_32_BIT_CONVERSION = YES;
				GCC_WARN_ABOUT_RETURN_TYPE = YES_ERROR;
				GCC_WARN_UNDECLARED_SELECTOR = YES;
				GCC_WARN_UNINITIALIZED_AUTOS = YES_AGGRESSIVE;
				GCC_WARN_UNUSED_FUNCTION = YES;
				GCC_WARN_UNUSED_VARIABLE = YES;
				IPHONEOS_DEPLOYMENT_TARGET = 8.0;
				METAL_ENABLE_DEBUG_INFO = NO;
				SDKROOT = iphoneos;
				VALIDATE_PRODUCT = YES;
			};
			name = Release;
		};
		2110728219411B14003C2A67 /* Debug */ = {
			isa = XCBuildConfiguration;
			buildSettings = {
				ASSETCATALOG_COMPILER_APPICON_NAME = AppIcon;
				ASSETCATALOG_COMPILER_LAUNCHIMAGE_NAME = LaunchImage;
				INFOPLIST_FILE = Valio/Info.plist;
				LD_RUNPATH_SEARCH_PATHS = "$(inherited) @executable_path/Frameworks";
				PRODUCT_NAME = "$(TARGET_NAME)";
			};
			name = Debug;
		};
		2110728319411B14003C2A67 /* Release */ = {
			isa = XCBuildConfiguration;
			buildSettings = {
				ASSETCATALOG_COMPILER_APPICON_NAME = AppIcon;
				ASSETCATALOG_COMPILER_LAUNCHIMAGE_NAME = LaunchImage;
				INFOPLIST_FILE = Valio/Info.plist;
				LD_RUNPATH_SEARCH_PATHS = "$(inherited) @executable_path/Frameworks";
				PRODUCT_NAME = "$(TARGET_NAME)";
			};
			name = Release;
		};
/* End XCBuildConfiguration section */

/* Begin XCConfigurationList section */
		2110726519411B14003C2A67 /* Build configuration list for PBXProject "Valio" */ = {
			isa = XCConfigurationList;
			buildConfigurations = (
				2110727F19411B14003C2A67 /* Debug */,
				2110728019411B14003C2A67 /* Release */,
			);
			defaultConfigurationIsVisible = 0;
			defaultConfigurationName = Release;
		};
		2110728119411B14003C2A67 /* Build configuration list for PBXNativeTarget "Valio" */ = {
			isa = XCConfigurationList;
			buildConfigurations = (
				2110728219411B14003C2A67 /* Debug */,
				2110728319411B14003C2A67 /* Release */,
			);
			defaultConfigurationIsVisible = 0;
			defaultConfigurationName = Release;
		};
/* End XCConfigurationList section */
	};
	rootObject = 2110726219411B14003C2A67 /* Project object */;
}
